
Microsoft Visual Studio Solution File, Format Version 12.00
# Visual Studio Version 16
VisualStudioVersion = 25.0.1704.2
MinimumVisualStudioVersion = 10.0.40219.1
Project("{FAE04EC0-301F-11D3-BF4B-00C04F79EFBC}") = "DieRoller", "DieRoller.csproj", "{A16CB134-43A5-46E6-A558-9F6E1298C28B}"
EndProject
Global
	GlobalSection(SolutionConfigurationPlatforms) = preSolution
		Debug|Any CPU = Debug|Any CPU
		Release|Any CPU = Release|Any CPU
	EndGlobalSection
	GlobalSection(ProjectConfigurationPlatforms) = postSolution
		{A16CB134-43A5-46E6-A558-9F6E1298C28B}.Debug|Any CPU.ActiveCfg = Debug|Any CPU
		{A16CB134-43A5-46E6-A558-9F6E1298C28B}.Debug|Any CPU.Build.0 = Debug|Any CPU
		{A16CB134-43A5-46E6-A558-9F6E1298C28B}.Release|Any CPU.ActiveCfg = Release|Any CPU
		{A16CB134-43A5-46E6-A558-9F6E1298C28B}.Release|Any CPU.Build.0 = Release|Any CPU
	EndGlobalSection
	GlobalSection(SolutionProperties) = preSolution
		HideSolutionNode = FALSE
	EndGlobalSection
	GlobalSection(ExtensibilityGlobals) = postSolution
		SolutionGuid = {728AD0F0-798F-400C-83E8-4E81E6E778C1}
	EndGlobalSection
EndGlobal
